
Microsoft Visual Studio Solution File, Format Version 12.00
# Visual Studio 15
VisualStudioVersion = 15.0.27004.2005
MinimumVisualStudioVersion = 10.0.40219.1
Project("{FAE04EC0-301F-11D3-BF4B-00C04F79EFBC}") = "GUI", "GUI\GUI.csproj", "{C8949BDB-5311-4DF5-84CA-4B7A15DEB753}"
EndProject
Project("{FAE04EC0-301F-11D3-BF4B-00C04F79EFBC}") = "Algorithms", "Algorithms\Algorithms.csproj", "{AD2A53A4-E20E-408D-87A2-6AD9F290F573}"
EndProject
Project("{FAE04EC0-301F-11D3-BF4B-00C04F79EFBC}") = "Grid", "Grid\Grid.csproj", "{BE67FA54-02B0-4350-843A-76BE0FB42CA2}"
EndProject
Global
	GlobalSection(SolutionConfigurationPlatforms) = preSolution
		Debug|Any CPU = Debug|Any CPU
		Release|Any CPU = Release|Any CPU
	EndGlobalSection
	GlobalSection(ProjectConfigurationPlatforms) = postSolution
		{C8949BDB-5311-4DF5-84CA-4B7A15DEB753}.Debug|Any CPU.ActiveCfg = Debug|Any CPU
		{C8949BDB-5311-4DF5-84CA-4B7A15DEB753}.Debug|Any CPU.Build.0 = Debug|Any CPU
		{C8949BDB-5311-4DF5-84CA-4B7A15DEB753}.Release|Any CPU.ActiveCfg = Release|Any CPU
		{C8949BDB-5311-4DF5-84CA-4B7A15DEB753}.Release|Any CPU.Build.0 = Release|Any CPU
		{AD2A53A4-E20E-408D-87A2-6AD9F290F573}.Debug|Any CPU.ActiveCfg = Debug|Any CPU
		{AD2A53A4-E20E-408D-87A2-6AD9F290F573}.Debug|Any CPU.Build.0 = Debug|Any CPU
		{AD2A53A4-E20E-408D-87A2-6AD9F290F573}.Release|Any CPU.ActiveCfg = Release|Any CPU
		{AD2A53A4-E20E-408D-87A2-6AD9F290F573}.Release|Any CPU.Build.0 = Release|Any CPU
		{BE67FA54-02B0-4350-843A-76BE0FB42CA2}.Debug|Any CPU.ActiveCfg = Debug|Any CPU
		{BE67FA54-02B0-4350-843A-76BE0FB42CA2}.Debug|Any CPU.Build.0 = Debug|Any CPU
		{BE67FA54-02B0-4350-843A-76BE0FB42CA2}.Release|Any CPU.ActiveCfg = Release|Any CPU
		{BE67FA54-02B0-4350-843A-76BE0FB42CA2}.Release|Any CPU.Build.0 = Release|Any CPU
	EndGlobalSection
	GlobalSection(SolutionProperties) = preSolution
		HideSolutionNode = FALSE
	EndGlobalSection
	GlobalSection(ExtensibilityGlobals) = postSolution
		SolutionGuid = {D97826AF-6028-4FB6-91A6-2BE2D7B42178}
	EndGlobalSection
EndGlobal
